
Microsoft Visual Studio Solution File, Format Version 12.00
# Visual Studio 2013
VisualStudioVersion = 12.0.30110.0
MinimumVisualStudioVersion = 10.0.40219.1
Project("{8BC9CEB8-8B4A-11D0-8D11-00A0C91BC942}") = "VTS", "VTS.vcxproj", "{91164565-DF05-4687-BB31-92F1BF772411}"
EndProject
Global
	GlobalSection(SolutionConfigurationPlatforms) = preSolution
		Debug_ANGELTS|Win32 = Debug_ANGELTS|Win32
		Debug_EUREX9|Win32 = Debug_EUREX9|Win32
		Debug_EVERGREEN|Win32 = Debug_EVERGREEN|Win32
		Debug_KOONG|Win32 = Debug_KOONG|Win32
		Debug_LINETRADE|Win32 = Debug_LINETRADE|Win32
		Debug_STRADE|Win32 = Debug_STRADE|Win32
		Debug_TOPVALUE|Win32 = Debug_TOPVALUE|Win32
		Debug|Win32 = Debug|Win32
		Release_ANGELTS|Win32 = Release_ANGELTS|Win32
		Release_CHARMINI|Win32 = Release_CHARMINI|Win32
		Release_DAYTRADE|Win32 = Release_DAYTRADE|Win32
		Release_EUREX9|Win32 = Release_EUREX9|Win32
		Release_EVERGREEN|Win32 = Release_EVERGREEN|Win32
		Release_GOTRADE|Win32 = Release_GOTRADE|Win32
		Release_J1|Win32 = Release_J1|Win32
		Release_KOONG|Win32 = Release_KOONG|Win32
		Release_LEADERS|Win32 = Release_LEADERS|Win32
		Release_LINETRADE|Win32 = Release_LINETRADE|Win32
		Release_MOST|Win32 = Release_MOST|Win32
		Release_NEVERASSET|Win32 = Release_NEVERASSET|Win32
		Release_STRADE|Win32 = Release_STRADE|Win32
		Release_VIPS|Win32 = Release_VIPS|Win32
		Release_VTS|Win32 = Release_VTS|Win32
		Release_ZEUS|Win32 = Release_ZEUS|Win32
		Release|Win32 = Release|Win32
	EndGlobalSection
	GlobalSection(ProjectConfigurationPlatforms) = postSolution
		{91164565-DF05-4687-BB31-92F1BF772411}.Debug_ANGELTS|Win32.ActiveCfg = Debug_ANGELTS|Win32
		{91164565-DF05-4687-BB31-92F1BF772411}.Debug_ANGELTS|Win32.Build.0 = Debug_ANGELTS|Win32
		{91164565-DF05-4687-BB31-92F1BF772411}.Debug_EUREX9|Win32.ActiveCfg = Debug_EUREX9|Win32
		{91164565-DF05-4687-BB31-92F1BF772411}.Debug_EUREX9|Win32.Build.0 = Debug_EUREX9|Win32
		{91164565-DF05-4687-BB31-92F1BF772411}.Debug_EVERGREEN|Win32.ActiveCfg = Debug_EVERGREEN|Win32
		{91164565-DF05-4687-BB31-92F1BF772411}.Debug_EVERGREEN|Win32.Build.0 = Debug_EVERGREEN|Win32
		{91164565-DF05-4687-BB31-92F1BF772411}.Debug_KOONG|Win32.ActiveCfg = Debug_KOONG|Win32
		{91164565-DF05-4687-BB31-92F1BF772411}.Debug_KOONG|Win32.Build.0 = Debug_KOONG|Win32
		{91164565-DF05-4687-BB31-92F1BF772411}.Debug_LINETRADE|Win32.ActiveCfg = Debug_LINETRADE|Win32
		{91164565-DF05-4687-BB31-92F1BF772411}.Debug_LINETRADE|Win32.Build.0 = Debug_LINETRADE|Win32
		{91164565-DF05-4687-BB31-92F1BF772411}.Debug_STRADE|Win32.ActiveCfg = Debug_STRADE|Win32
		{91164565-DF05-4687-BB31-92F1BF772411}.Debug_STRADE|Win32.Build.0 = Debug_STRADE|Win32
		{91164565-DF05-4687-BB31-92F1BF772411}.Debug_TOPVALUE|Win32.ActiveCfg = Debug_TOPVALUE|Win32
		{91164565-DF05-4687-BB31-92F1BF772411}.Debug_TOPVALUE|Win32.Build.0 = Debug_TOPVALUE|Win32
		{91164565-DF05-4687-BB31-92F1BF772411}.Debug|Win32.ActiveCfg = Debug|Win32
		{91164565-DF05-4687-BB31-92F1BF772411}.Debug|Win32.Build.0 = Debug|Win32
		{91164565-DF05-4687-BB31-92F1BF772411}.Release_ANGELTS|Win32.ActiveCfg = Release_ANGELTS|Win32
		{91164565-DF05-4687-BB31-92F1BF772411}.Release_ANGELTS|Win32.Build.0 = Release_ANGELTS|Win32
		{91164565-DF05-4687-BB31-92F1BF772411}.Release_CHARMINI|Win32.ActiveCfg = Release_CHARMINI|Win32
		{91164565-DF05-4687-BB31-92F1BF772411}.Release_CHARMINI|Win32.Build.0 = Release_CHARMINI|Win32
		{91164565-DF05-4687-BB31-92F1BF772411}.Release_DAYTRADE|Win32.ActiveCfg = Release_DAYTRADE|Win32
		{91164565-DF05-4687-BB31-92F1BF772411}.Release_DAYTRADE|Win32.Build.0 = Release_DAYTRADE|Win32
		{91164565-DF05-4687-BB31-92F1BF772411}.Release_EUREX9|Win32.ActiveCfg = Release_EUREX9|Win32
		{91164565-DF05-4687-BB31-92F1BF772411}.Release_EUREX9|Win32.Build.0 = Release_EUREX9|Win32
		{91164565-DF05-4687-BB31-92F1BF772411}.Release_EVERGREEN|Win32.ActiveCfg = Release_EVERGREEN|Win32
		{91164565-DF05-4687-BB31-92F1BF772411}.Release_EVERGREEN|Win32.Build.0 = Release_EVERGREEN|Win32
		{91164565-DF05-4687-BB31-92F1BF772411}.Release_GOTRADE|Win32.ActiveCfg = Release_GOTRADE|Win32
		{91164565-DF05-4687-BB31-92F1BF772411}.Release_GOTRADE|Win32.Build.0 = Release_GOTRADE|Win32
		{91164565-DF05-4687-BB31-92F1BF772411}.Release_J1|Win32.ActiveCfg = Release_J1|Win32
		{91164565-DF05-4687-BB31-92F1BF772411}.Release_J1|Win32.Build.0 = Release_J1|Win32
		{91164565-DF05-4687-BB31-92F1BF772411}.Release_KOONG|Win32.ActiveCfg = Release_KOONG|Win32
		{91164565-DF05-4687-BB31-92F1BF772411}.Release_KOONG|Win32.Build.0 = Release_KOONG|Win32
		{91164565-DF05-4687-BB31-92F1BF772411}.Release_LEADERS|Win32.ActiveCfg = Release_LEADERS|Win32
		{91164565-DF05-4687-BB31-92F1BF772411}.Release_LEADERS|Win32.Build.0 = Release_LEADERS|Win32
		{91164565-DF05-4687-BB31-92F1BF772411}.Release_LINETRADE|Win32.ActiveCfg = Release_LINETRADE|Win32
		{91164565-DF05-4687-BB31-92F1BF772411}.Release_LINETRADE|Win32.Build.0 = Release_LINETRADE|Win32
		{91164565-DF05-4687-BB31-92F1BF772411}.Release_MOST|Win32.ActiveCfg = Release_MOST|Win32
		{91164565-DF05-4687-BB31-92F1BF772411}.Release_MOST|Win32.Build.0 = Release_MOST|Win32
		{91164565-DF05-4687-BB31-92F1BF772411}.Release_NEVERASSET|Win32.ActiveCfg = Release_NEVERASSET|Win32
		{91164565-DF05-4687-BB31-92F1BF772411}.Release_NEVERASSET|Win32.Build.0 = Release_NEVERASSET|Win32
		{91164565-DF05-4687-BB31-92F1BF772411}.Release_STRADE|Win32.ActiveCfg = Release_STRADE|Win32
		{91164565-DF05-4687-BB31-92F1BF772411}.Release_STRADE|Win32.Build.0 = Release_STRADE|Win32
		{91164565-DF05-4687-BB31-92F1BF772411}.Release_VIPS|Win32.ActiveCfg = Release_VIPS|Win32
		{91164565-DF05-4687-BB31-92F1BF772411}.Release_VIPS|Win32.Build.0 = Release_VIPS|Win32
		{91164565-DF05-4687-BB31-92F1BF772411}.Release_VTS|Win32.ActiveCfg = Release_VTS|Win32
		{91164565-DF05-4687-BB31-92F1BF772411}.Release_VTS|Win32.Build.0 = Release_VTS|Win32
		{91164565-DF05-4687-BB31-92F1BF772411}.Release_ZEUS|Win32.ActiveCfg = Release_ZEUS|Win32
		{91164565-DF05-4687-BB31-92F1BF772411}.Release_ZEUS|Win32.Build.0 = Release_ZEUS|Win32
		{91164565-DF05-4687-BB31-92F1BF772411}.Release|Win32.ActiveCfg = Release|Win32
		{91164565-DF05-4687-BB31-92F1BF772411}.Release|Win32.Build.0 = Release|Win32
	EndGlobalSection
	GlobalSection(SolutionProperties) = preSolution
		HideSolutionNode = FALSE
	EndGlobalSection
EndGlobal
